
Microsoft Visual Studio Solution File, Format Version 12.00
# Visual Studio Version 17
VisualStudioVersion = 17.7.34031.279
MinimumVisualStudioVersion = 10.0.40219.1
Project("{9A19103F-16F7-4668-BE54-9A1E7A4F7556}") = "BlazorApp", "BlazorApp\BlazorApp.csproj", "{8A2C5680-6FE5-4BC9-BB0F-80C493241074}"
EndProject
Global
	GlobalSection(SolutionConfigurationPlatforms) = preSolution
		Debug|Any CPU = Debug|Any CPU
		Release|Any CPU = Release|Any CPU
	EndGlobalSection
	GlobalSection(ProjectConfigurationPlatforms) = postSolution
		{8A2C5680-6FE5-4BC9-BB0F-80C493241074}.Debug|Any CPU.ActiveCfg = Debug|Any CPU
		{8A2C5680-6FE5-4BC9-BB0F-80C493241074}.Debug|Any CPU.Build.0 = Debug|Any CPU
		{8A2C5680-6FE5-4BC9-BB0F-80C493241074}.Release|Any CPU.ActiveCfg = Release|Any CPU
		{8A2C5680-6FE5-4BC9-BB0F-80C493241074}.Release|Any CPU.Build.0 = Release|Any CPU
	EndGlobalSection
	GlobalSection(SolutionProperties) = preSolution
		HideSolutionNode = FALSE
	EndGlobalSection
	GlobalSection(ExtensibilityGlobals) = postSolution
		SolutionGuid = {9DA12800-1746-49CC-B914-FD8424C5B032}
	EndGlobalSection
EndGlobal
